
Microsoft Visual Studio Solution File, Format Version 12.00
# Visual Studio Version 16
VisualStudioVersion = 16.0.30907.101
MinimumVisualStudioVersion = 10.0.40219.1
Project("{9A19103F-16F7-4668-BE54-9A1E7A4F7556}") = "MFU-BGCrawler", "MFU-BGCrawler\MFU-BGCrawler.csproj", "{B66CB3EE-11DC-4F9C-B6BF-74CECCAC59ED}"
EndProject
Project("{D954291E-2A0B-460D-934E-DC6B0785DB48}") = "MFU-BGCrawler-resources", "BGCrawler-resources\MFU-BGCrawler-resources.shproj", "{627DC294-E234-41F6-9279-DE8A1D68D302}"
EndProject
Project("{2150E333-8FDC-42A3-9474-1A3956D46DE8}") = "Solution Items", "Solution Items", "{33132E8F-89C1-42F5-885D-301B41E45E1F}"
EndProject
Global
	GlobalSection(SharedMSBuildProjectFiles) = preSolution
		BGCrawler-resources\BGCrawler-resources.projitems*{627dc294-e234-41f6-9279-de8a1d68d302}*SharedItemsImports = 13
	EndGlobalSection
	GlobalSection(SolutionConfigurationPlatforms) = preSolution
		Debug|Any CPU = Debug|Any CPU
		Release|Any CPU = Release|Any CPU
	EndGlobalSection
	GlobalSection(ProjectConfigurationPlatforms) = postSolution
		{B66CB3EE-11DC-4F9C-B6BF-74CECCAC59ED}.Debug|Any CPU.ActiveCfg = Debug|Any CPU
		{B66CB3EE-11DC-4F9C-B6BF-74CECCAC59ED}.Debug|Any CPU.Build.0 = Debug|Any CPU
		{B66CB3EE-11DC-4F9C-B6BF-74CECCAC59ED}.Release|Any CPU.ActiveCfg = Release|Any CPU
		{B66CB3EE-11DC-4F9C-B6BF-74CECCAC59ED}.Release|Any CPU.Build.0 = Release|Any CPU
	EndGlobalSection
	GlobalSection(SolutionProperties) = preSolution
		HideSolutionNode = FALSE
	EndGlobalSection
	GlobalSection(ExtensibilityGlobals) = postSolution
		SolutionGuid = {F2BC1246-E151-442E-98E2-B8DCB374FC6B}
	EndGlobalSection
EndGlobal
